
Microsoft Visual Studio Solution File, Format Version 12.00
# Visual Studio Version 16
VisualStudioVersion = 16.0.31129.286
MinimumVisualStudioVersion = 10.0.40219.1
Project("{FAE04EC0-301F-11D3-BF4B-00C04F79EFBC}") = "HelloAspNet", "HelloAspNet\HelloAspNet.csproj", "{019A62F2-797A-4D04-9674-57AE940EE64F}"
EndProject
Project("{FAE04EC0-301F-11D3-BF4B-00C04F79EFBC}") = "HelloAspNet.Tests", "HelloAspNet.Tests\HelloAspNet.Tests.csproj", "{17AD4849-07E8-4A32-818D-584956E13115}"
EndProject
Project("{FAE04EC0-301F-11D3-BF4B-00C04F79EFBC}") = "FirstWebApp", "FirstWebApp\FirstWebApp.csproj", "{95CF650B-31A7-4FCF-8EDE-63598B152484}"
EndProject
Project("{FAE04EC0-301F-11D3-BF4B-00C04F79EFBC}") = "ValidationWebApp", "ValidationWebApp\ValidationWebApp.csproj", "{59A2B443-77FD-4F22-B407-6A216AA693EE}"
EndProject
Project("{FAE04EC0-301F-11D3-BF4B-00C04F79EFBC}") = "TemplateWebApp", "TemplateWebApp\TemplateWebApp.csproj", "{F147AA4B-86BD-4649-9958-8B12F01CD649}"
EndProject
Project("{FAE04EC0-301F-11D3-BF4B-00C04F79EFBC}") = "StateMngWebApp", "StateMngWebApp\StateMngWebApp.csproj", "{EF837A25-A6A7-4906-B871-7B12E7CDBF31}"
EndProject
Project("{FAE04EC0-301F-11D3-BF4B-00C04F79EFBC}") = "DBHandlingWebApp", "DBHandlingWebApp\DBHandlingWebApp.csproj", "{5B0491CE-7988-4389-887A-ED0CF74A72C6}"
EndProject
Project("{FAE04EC0-301F-11D3-BF4B-00C04F79EFBC}") = "DataControlWebApp", "DtaControlWebApp\DataControlWebApp.csproj", "{F652FA7B-CD0C-4022-9592-39C51B7A95C5}"
EndProject
Project("{00D1A9C2-B5F0-4AF3-8072-F6C62B433612}") = "TestDB_Database", "TestDB_Database\TestDB_Database.sqlproj", "{377AE71B-94DB-462B-B9D8-14DDCB371750}"
EndProject
Project("{FAE04EC0-301F-11D3-BF4B-00C04F79EFBC}") = "LoginWebApp", "LoginWebApp\LoginWebApp.csproj", "{56954F1E-F53B-4173-ACDB-C350F95CA566}"
EndProject
Global
	GlobalSection(SolutionConfigurationPlatforms) = preSolution
		Debug|Any CPU = Debug|Any CPU
		Release|Any CPU = Release|Any CPU
	EndGlobalSection
	GlobalSection(ProjectConfigurationPlatforms) = postSolution
		{019A62F2-797A-4D04-9674-57AE940EE64F}.Debug|Any CPU.ActiveCfg = Debug|Any CPU
		{019A62F2-797A-4D04-9674-57AE940EE64F}.Debug|Any CPU.Build.0 = Debug|Any CPU
		{019A62F2-797A-4D04-9674-57AE940EE64F}.Release|Any CPU.ActiveCfg = Release|Any CPU
		{019A62F2-797A-4D04-9674-57AE940EE64F}.Release|Any CPU.Build.0 = Release|Any CPU
		{17AD4849-07E8-4A32-818D-584956E13115}.Debug|Any CPU.ActiveCfg = Debug|Any CPU
		{17AD4849-07E8-4A32-818D-584956E13115}.Debug|Any CPU.Build.0 = Debug|Any CPU
		{17AD4849-07E8-4A32-818D-584956E13115}.Release|Any CPU.ActiveCfg = Release|Any CPU
		{17AD4849-07E8-4A32-818D-584956E13115}.Release|Any CPU.Build.0 = Release|Any CPU
		{95CF650B-31A7-4FCF-8EDE-63598B152484}.Debug|Any CPU.ActiveCfg = Debug|Any CPU
		{95CF650B-31A7-4FCF-8EDE-63598B152484}.Debug|Any CPU.Build.0 = Debug|Any CPU
		{95CF650B-31A7-4FCF-8EDE-63598B152484}.Release|Any CPU.ActiveCfg = Release|Any CPU
		{95CF650B-31A7-4FCF-8EDE-63598B152484}.Release|Any CPU.Build.0 = Release|Any CPU
		{59A2B443-77FD-4F22-B407-6A216AA693EE}.Debug|Any CPU.ActiveCfg = Debug|Any CPU
		{59A2B443-77FD-4F22-B407-6A216AA693EE}.Debug|Any CPU.Build.0 = Debug|Any CPU
		{59A2B443-77FD-4F22-B407-6A216AA693EE}.Release|Any CPU.ActiveCfg = Release|Any CPU
		{59A2B443-77FD-4F22-B407-6A216AA693EE}.Release|Any CPU.Build.0 = Release|Any CPU
		{F147AA4B-86BD-4649-9958-8B12F01CD649}.Debug|Any CPU.ActiveCfg = Debug|Any CPU
		{F147AA4B-86BD-4649-9958-8B12F01CD649}.Debug|Any CPU.Build.0 = Debug|Any CPU
		{F147AA4B-86BD-4649-9958-8B12F01CD649}.Release|Any CPU.ActiveCfg = Release|Any CPU
		{F147AA4B-86BD-4649-9958-8B12F01CD649}.Release|Any CPU.Build.0 = Release|Any CPU
		{EF837A25-A6A7-4906-B871-7B12E7CDBF31}.Debug|Any CPU.ActiveCfg = Debug|Any CPU
		{EF837A25-A6A7-4906-B871-7B12E7CDBF31}.Debug|Any CPU.Build.0 = Debug|Any CPU
		{EF837A25-A6A7-4906-B871-7B12E7CDBF31}.Release|Any CPU.ActiveCfg = Release|Any CPU
		{EF837A25-A6A7-4906-B871-7B12E7CDBF31}.Release|Any CPU.Build.0 = Release|Any CPU
		{5B0491CE-7988-4389-887A-ED0CF74A72C6}.Debug|Any CPU.ActiveCfg = Debug|Any CPU
		{5B0491CE-7988-4389-887A-ED0CF74A72C6}.Debug|Any CPU.Build.0 = Debug|Any CPU
		{5B0491CE-7988-4389-887A-ED0CF74A72C6}.Release|Any CPU.ActiveCfg = Release|Any CPU
		{5B0491CE-7988-4389-887A-ED0CF74A72C6}.Release|Any CPU.Build.0 = Release|Any CPU
		{F652FA7B-CD0C-4022-9592-39C51B7A95C5}.Debug|Any CPU.ActiveCfg = Debug|Any CPU
		{F652FA7B-CD0C-4022-9592-39C51B7A95C5}.Debug|Any CPU.Build.0 = Debug|Any CPU
		{F652FA7B-CD0C-4022-9592-39C51B7A95C5}.Release|Any CPU.ActiveCfg = Release|Any CPU
		{F652FA7B-CD0C-4022-9592-39C51B7A95C5}.Release|Any CPU.Build.0 = Release|Any CPU
		{377AE71B-94DB-462B-B9D8-14DDCB371750}.Debug|Any CPU.ActiveCfg = Debug|Any CPU
		{377AE71B-94DB-462B-B9D8-14DDCB371750}.Debug|Any CPU.Build.0 = Debug|Any CPU
		{377AE71B-94DB-462B-B9D8-14DDCB371750}.Debug|Any CPU.Deploy.0 = Debug|Any CPU
		{377AE71B-94DB-462B-B9D8-14DDCB371750}.Release|Any CPU.ActiveCfg = Release|Any CPU
		{377AE71B-94DB-462B-B9D8-14DDCB371750}.Release|Any CPU.Build.0 = Release|Any CPU
		{377AE71B-94DB-462B-B9D8-14DDCB371750}.Release|Any CPU.Deploy.0 = Release|Any CPU
		{56954F1E-F53B-4173-ACDB-C350F95CA566}.Debug|Any CPU.ActiveCfg = Debug|Any CPU
		{56954F1E-F53B-4173-ACDB-C350F95CA566}.Debug|Any CPU.Build.0 = Debug|Any CPU
		{56954F1E-F53B-4173-ACDB-C350F95CA566}.Release|Any CPU.ActiveCfg = Release|Any CPU
		{56954F1E-F53B-4173-ACDB-C350F95CA566}.Release|Any CPU.Build.0 = Release|Any CPU
	EndGlobalSection
	GlobalSection(SolutionProperties) = preSolution
		HideSolutionNode = FALSE
	EndGlobalSection
	GlobalSection(ExtensibilityGlobals) = postSolution
		SolutionGuid = {80EBFF5C-C15C-43D6-8A6F-EA092529B8E7}
	EndGlobalSection
EndGlobal
